{
  "name": "luckybean-static-app",
  "version": "1.24.17",
  "lockfileVersion": 3,
  "requires": true,
  "packages": {
    "": {
      "name": "luckybean-static-app",
      "version": "1.24.17",
      "dependencies": {
        "jsqr": "1.4.0"
      },
      "devDependencies": {
        "@playwright/test": "1.62.1"
      }
    },
    "node_modules/@playwright/test": {
      "version": "1.62.1",
      "resolved": "https://registry.npmjs.org/@playwright/test/-/test-1.62.1.tgz",
      "integrity": "sha512-DTcUc8qii+cpHvtOwggMtBRMjKZHXYWdw8syRYu2vtzuq4Wxphqq4NfCs5Zt44L6mA8rfDfj+PHnxFc/FeK6mQ==",
      "dev": true,
      "license": "Apache-2.0",
      "dependencies": {
        "playwright": "1.62.1"
      },
      "bin": {
        "playwright": "cli.js"
      },
      "engines": {
        "node": ">=18"
      }
    },
    "node_modules/jsqr": {
      "version": "1.4.0",
      "resolved": "https://registry.npmjs.org/jsqr/-/jsqr-1.4.0.tgz",
      "integrity": "sha512-Nm7ZcYzSO4HsnDrGIk/SGb/LAg7fW7skHVe0XjUrYkXCBUbtQ6aUuEvoyDzvy6xp5qtZj5MRy87v56z1JBtBxw=="
    },
    "node_modules/playwright": {
      "version": "1.62.1",
      "resolved": "https://registry.npmjs.org/playwright/-/playwright-1.62.1.tgz",
      "integrity": "sha512-6Lp+JqKwxKtEhAAtaBAmP1/oHUkZRFIzoyjUb/1+8+43ZG7SlySjFnQmFHVE8GPnPjiEp47W9SQebkho+F7Qgg==",
      "dev": true,
      "license": "Apache-2.0",
      "dependencies": {
        "playwright-core": "1.62.1"
      },
      "bin": {
        "playwright": "cli.js"
      },
      "engines": {
        "node": ">=18"
      },
      "optionalDependencies": {
        "fsevents": "2.3.2"
      }
    },
    "node_modules/playwright-core": {
      "version": "1.62.1",
      "resolved": "https://registry.npmjs.org/playwright-core/-/playwright-core-1.62.1.tgz",
      "integrity": "sha512-y5ZNrNUxXsnKRQMNdHe1HOKNc2jMZBM9au99NFubgoLXnvHm73mnMw6Ccz1vFf5+VyW2EME3oLnkyQvALApN9g==",
      "dev": true,
      "license": "Apache-2.0",
      "bin": {
        "playwright-core": "cli.js"
      },
      "engines": {
        "node": ">=18"
      }
    },
    "node_modules/fsevents": {
      "version": "2.3.2",
      "resolved": "https://registry.npmjs.org/fsevents/-/fsevents-2.3.2.tgz",
      "integrity": "sha512-xiqMQR4xAeHTuBYP2MVIdE1r0H4u3Xf90+mhsGWFtbi5jXYMPkqM3uI4yQYI/FRqNQ2B3P+JFDmm/TgY6PwfA==",
      "dev": true,
      "hasInstallScript": true,
      "optional": true,
      "os": [
        "darwin"
      ],
      "engines": {
        "node": "^8.16.0 || ^10.6.0 || >=11.0.0"
      }
    }
  }
}
